
Microsoft Visual Studio Solution File, Format Version 12.00
# Visual Studio Version 16
VisualStudioVersion = 16.0.31515.178
MinimumVisualStudioVersion = 10.0.40219.1
Project("{8BC9CEB8-8B4A-11D0-8D11-00A0C91BC942}") = "undelete", "undelete\undelete.vcxproj", "{97A6D4AE-BB99-48E1-BE41-5461E82B1204}"
EndProject
Global
	GlobalSection(SolutionConfigurationPlatforms) = preSolution
		Debug|x64 = Debug|x64
		Debug|x86 = Debug|x86
		Release|x64 = Release|x64
		Release|x86 = Release|x86
	EndGlobalSection
	GlobalSection(ProjectConfigurationPlatforms) = postSolution
		{97A6D4AE-BB99-48E1-BE41-5461E82B1204}.Debug|x64.ActiveCfg = Debug|x64
		{97A6D4AE-BB99-48E1-BE41-5461E82B1204}.Debug|x64.Build.0 = Debug|x64
		{97A6D4AE-BB99-48E1-BE41-5461E82B1204}.Debug|x86.ActiveCfg = Debug|Win32
		{97A6D4AE-BB99-48E1-BE41-5461E82B1204}.Debug|x86.Build.0 = Debug|Win32
		{97A6D4AE-BB99-48E1-BE41-5461E82B1204}.Release|x64.ActiveCfg = Release|x64
		{97A6D4AE-BB99-48E1-BE41-5461E82B1204}.Release|x64.Build.0 = Release|x64
		{97A6D4AE-BB99-48E1-BE41-5461E82B1204}.Release|x86.ActiveCfg = Release|Win32
		{97A6D4AE-BB99-48E1-BE41-5461E82B1204}.Release|x86.Build.0 = Release|Win32
	EndGlobalSection
	GlobalSection(SolutionProperties) = preSolution
		HideSolutionNode = FALSE
	EndGlobalSection
	GlobalSection(ExtensibilityGlobals) = postSolution
		SolutionGuid = {08209136-EB10-483C-95FD-903EB6397F6C}
	EndGlobalSection
EndGlobal
